// !$*UTF8*$!
{
	archiveVersion = 1;
	classes = {
	};
	objectVersion = 56;
	objects = {

/* Begin PBXBuildFile section */
		A1000001 /* NotiChatApp.swift in Sources */ = {isa = PBXBuildFile; fileRef = B1000001 /* NotiChatApp.swift */; };
		A1000002 /* Models.swift in Sources */ = {isa = PBXBuildFile; fileRef = B1000002 /* Models.swift */; };
		A1000003 /* CryptoUtils.swift in Sources */ = {isa = PBXBuildFile; fileRef = B1000003 /* CryptoUtils.swift */; };
		A1000004 /* StorageService.swift in Sources */ = {isa = PBXBuildFile; fileRef = B1000004 /* StorageService.swift */; };
		A1000005 /* NtfyService.swift in Sources */ = {isa = PBXBuildFile; fileRef = B1000005 /* NtfyService.swift */; };
		A1000006 /* ChatListView.swift in Sources */ = {isa = PBXBuildFile; fileRef = B1000006 /* ChatListView.swift */; };
		A1000007 /* ChatRoomView.swift in Sources */ = {isa = PBXBuildFile; fileRef = B1000007 /* ChatRoomView.swift */; };
		A1000008 /* ProfileView.swift in Sources */ = {isa = PBXBuildFile; fileRef = B1000008 /* ProfileView.swift */; };
		A1000009 /* NewChatView.swift in Sources */ = {isa = PBXBuildFile; fileRef = B1000009 /* NewChatView.swift */; };
		A1000010 /* MediaUtils.swift in Sources */ = {isa = PBXBuildFile; fileRef = B1000011 /* MediaUtils.swift */; };
		A1000011 /* Assets.xcassets in Resources */ = {isa = PBXBuildFile; fileRef = B1000012 /* Assets.xcassets */; };
		A1000012 /* QRScannerView.swift in Sources */ = {isa = PBXBuildFile; fileRef = B1000013 /* QRScannerView.swift */; };
/* End PBXBuildFile section */

/* Begin PBXFileReference section */
		C1000001 /* NotiChat.app */ = {isa = PBXFileReference; explicitFileType = wrapper.application; includeInIndex = 0; path = NotiChat.app; sourceTree = BUILT_PRODUCTS_DIR; };
		B1000001 /* NotiChatApp.swift */ = {isa = PBXFileReference; lastKnownFileType = sourcecode.swift; path = NotiChatApp.swift; sourceTree = "<group>"; };
		B1000002 /* Models.swift */ = {isa = PBXFileReference; lastKnownFileType = sourcecode.swift; path = Models.swift; sourceTree = "<group>"; };
		B1000003 /* CryptoUtils.swift */ = {isa = PBXFileReference; lastKnownFileType = sourcecode.swift; path = CryptoUtils.swift; sourceTree = "<group>"; };
		B1000004 /* StorageService.swift */ = {isa = PBXFileReference; lastKnownFileType = sourcecode.swift; path = StorageService.swift; sourceTree = "<group>"; };
		B1000005 /* NtfyService.swift */ = {isa = PBXFileReference; lastKnownFileType = sourcecode.swift; path = NtfyService.swift; sourceTree = "<group>"; };
		B1000006 /* ChatListView.swift */ = {isa = PBXFileReference; lastKnownFileType = sourcecode.swift; path = ChatListView.swift; sourceTree = "<group>"; };
		B1000007 /* ChatRoomView.swift */ = {isa = PBXFileReference; lastKnownFileType = sourcecode.swift; path = ChatRoomView.swift; sourceTree = "<group>"; };
		B1000008 /* ProfileView.swift */ = {isa = PBXFileReference; lastKnownFileType = sourcecode.swift; path = ProfileView.swift; sourceTree = "<group>"; };
		B1000009 /* NewChatView.swift */ = {isa = PBXFileReference; lastKnownFileType = sourcecode.swift; path = NewChatView.swift; sourceTree = "<group>"; };
		B1000010 /* Info.plist */ = {isa = PBXFileReference; lastKnownFileType = text.plist.xml; path = Info.plist; sourceTree = "<group>"; };
		B1000011 /* MediaUtils.swift */ = {isa = PBXFileReference; lastKnownFileType = sourcecode.swift; path = MediaUtils.swift; sourceTree = "<group>"; };
		B1000012 /* Assets.xcassets */ = {isa = PBXFileReference; lastKnownFileType = folder.assetcatalog; path = Assets.xcassets; sourceTree = "<group>"; };
		B1000013 /* QRScannerView.swift */ = {isa = PBXFileReference; lastKnownFileType = sourcecode.swift; path = QRScannerView.swift; sourceTree = "<group>"; };
/* End PBXFileReference section */

/* Begin PBXFrameworksBuildPhase section */
		D1000001 /* Frameworks */ = {
			isa = PBXFrameworksBuildPhase;
			buildActionMask = 2147483647;
			files = (
			);
			runOnlyForDeploymentPostprocessing = 0;
		};
/* End PBXFrameworksBuildPhase section */

/* Begin PBXGroup section */
		E1000001 = {
			isa = PBXGroup;
			children = (
				E1000002 /* NotiChat */,
				E1000003 /* Products */,
			);
			sourceTree = "<group>";
		};
		E1000002 /* NotiChat */ = {
			isa = PBXGroup;
			children = (
				B1000001 /* NotiChatApp.swift */,
				B1000010 /* Info.plist */,
				B1000012 /* Assets.xcassets */,
				E1000004 /* Models */,
				E1000005 /* Crypto */,
				E1000006 /* Services */,
				E1000007 /* Views */,
			);
			path = NotiChat;
			sourceTree = "<group>";
		};
		E1000003 /* Products */ = {
			isa = PBXGroup;
			children = (
				C1000001 /* NotiChat.app */,
			);
			name = Products;
			sourceTree = "<group>";
		};
		E1000004 /* Models */ = {
			isa = PBXGroup;
			children = (
				B1000002 /* Models.swift */,
			);
			path = Models;
			sourceTree = "<group>";
		};
		E1000005 /* Crypto */ = {
			isa = PBXGroup;
			children = (
				B1000003 /* CryptoUtils.swift */,
			);
			path = Crypto;
			sourceTree = "<group>";
		};
		E1000006 /* Services */ = {
			isa = PBXGroup;
			children = (
				B1000004 /* StorageService.swift */,
				B1000005 /* NtfyService.swift */,
				B1000011 /* MediaUtils.swift */,
			);
			path = Services;
			sourceTree = "<group>";
		};
		E1000007 /* Views */ = {
			isa = PBXGroup;
			children = (
				B1000006 /* ChatListView.swift */,
				B1000007 /* ChatRoomView.swift */,
				B1000008 /* ProfileView.swift */,
				B1000009 /* NewChatView.swift */,
				B1000013 /* QRScannerView.swift */,
			);
			path = Views;
			sourceTree = "<group>";
		};
/* End PBXGroup section */

/* Begin PBXNativeTarget section */
		F1000001 /* NotiChat */ = {
			isa = PBXNativeTarget;
			buildConfigurationList = G1000001 /* Build configuration list for PBXNativeTarget "NotiChat" */;
			buildPhases = (
				H1000001 /* Sources */,
				D1000001 /* Frameworks */,
				H1000002 /* Resources */,
			);
			buildRules = (
			);
			dependencies = (
			);
			name = NotiChat;
			productName = NotiChat;
			productReference = C1000001 /* NotiChat.app */;
			productType = "com.apple.product-type.application";
		};
/* End PBXNativeTarget section */

/* Begin PBXProject section */
		01000001 /* Project object */ = {
			isa = PBXProject;
			attributes = {
				BuildIndependentTargetsInParallel = 1;
				LastSwiftUpdateCheck = 1500;
				LastUpgradeCheck = 1500;
				TargetAttributes = {
					F1000001 = {
						CreatedOnToolsVersion = 15.0;
					};
				};
			};
			buildConfigurationList = G1000002 /* Build configuration list for PBXProject "NotiChat" */;
			compatibilityVersion = "Xcode 14.0";
			developmentRegion = en;
			hasScannedForEncodings = 0;
			knownRegions = (
				en,
				Base,
			);
			mainGroup = E1000001;
			productRefGroup = E1000003 /* Products */;
			projectDirPath = "";
			projectRoot = "";
			targets = (
				F1000001 /* NotiChat */,
			);
		};
/* End PBXProject section */

/* Begin PBXResourcesBuildPhase section */
		H1000002 /* Resources */ = {
			isa = PBXResourcesBuildPhase;
			buildActionMask = 2147483647;
			files = (
				A1000011 /* Assets.xcassets in Resources */,
			);
			runOnlyForDeploymentPostprocessing = 0;
		};
/* End PBXResourcesBuildPhase section */

/* Begin PBXSourcesBuildPhase section */
		H1000001 /* Sources */ = {
			isa = PBXSourcesBuildPhase;
			buildActionMask = 2147483647;
			files = (
				A1000001 /* NotiChatApp.swift in Sources */,
				A1000002 /* Models.swift in Sources */,
				A1000003 /* CryptoUtils.swift in Sources */,
				A1000004 /* StorageService.swift in Sources */,
				A1000005 /* NtfyService.swift in Sources */,
				A1000006 /* ChatListView.swift in Sources */,
				A1000007 /* ChatRoomView.swift in Sources */,
				A1000008 /* ProfileView.swift in Sources */,
				A1000009 /* NewChatView.swift in Sources */,
				A1000010 /* MediaUtils.swift in Sources */,
				A1000012 /* QRScannerView.swift in Sources */,
			);
			runOnlyForDeploymentPostprocessing = 0;
		};
/* End PBXSourcesBuildPhase section */

/* Begin XCBuildConfiguration section */
		I1000001 /* Debug */ = {
			isa = XCBuildConfiguration;
			buildSettings = {
				ALWAYS_SEARCH_USER_PATHS = NO;
				CLANG_ANALYZER_NONNULL = YES;
				CLANG_CXX_LANGUAGE_STANDARD = "gnu++20";
				CLANG_ENABLE_MODULES = YES;
				CLANG_ENABLE_OBJC_ARC = YES;
				COPY_PHASE_STRIP = NO;
				DEBUG_INFORMATION_FORMAT = dwarf;
				ENABLE_STRICT_OBJC_MSGSEND = YES;
				ENABLE_TESTABILITY = YES;
				GCC_DYNAMIC_NO_PIC = NO;
				GCC_OPTIMIZATION_LEVEL = 0;
				GCC_PREPROCESSOR_DEFINITIONS = (
					"DEBUG=1",
					"$(inherited)",
				);
				IPHONEOS_DEPLOYMENT_TARGET = 16.0;
				MTL_ENABLE_DEBUG_INFO = INCLUDE_SOURCE;
				ONLY_ACTIVE_ARCH = YES;
				SDKROOT = iphoneos;
				SWIFT_ACTIVE_COMPILATION_CONDITIONS = DEBUG;
				SWIFT_OPTIMIZATION_LEVEL = "-Onone";
			};
			name = Debug;
		};
		I1000002 /* Release */ = {
			isa = XCBuildConfiguration;
			buildSettings = {
				ALWAYS_SEARCH_USER_PATHS = NO;
				CLANG_ANALYZER_NONNULL = YES;
				CLANG_CXX_LANGUAGE_STANDARD = "gnu++20";
				CLANG_ENABLE_MODULES = YES;
				CLANG_ENABLE_OBJC_ARC = YES;
				COPY_PHASE_STRIP = NO;
				DEBUG_INFORMATION_FORMAT = "dwarf-with-dsym";
				ENABLE_NS_ASSERTIONS = NO;
				ENABLE_STRICT_OBJC_MSGSEND = YES;
				GCC_OPTIMIZATION_LEVEL = s;
				IPHONEOS_DEPLOYMENT_TARGET = 16.0;
				MTL_ENABLE_DEBUG_INFO = NO;
				SDKROOT = iphoneos;
				SWIFT_COMPILATION_MODE = wholemodule;
				SWIFT_OPTIMIZATION_LEVEL = "-O";
				VALIDATE_PRODUCT = YES;
			};
			name = Release;
		};
		I1000003 /* Debug */ = {
			isa = XCBuildConfiguration;
			buildSettings = {
				ASSETCATALOG_COMPILER_APPICON_NAME = AppIcon;
				CODE_SIGN_STYLE = Automatic;
				CURRENT_PROJECT_VERSION = 1;
				DEVELOPMENT_TEAM = "";
				GENERATE_INFOPLIST_FILE = NO;
				INFOPLIST_FILE = NotiChat/Info.plist;
				IPHONEOS_DEPLOYMENT_TARGET = 16.0;
				LD_RUNPATH_SEARCH_PATHS = (
					"$(inherited)",
					"@executable_path/Frameworks",
				);
				MARKETING_VERSION = 1.0;
				PRODUCT_BUNDLE_IDENTIFIER = com.loker.notichat;
				PRODUCT_NAME = "$(TARGET_NAME)";
				SWIFT_EMIT_LOC_STRINGS = YES;
				SWIFT_VERSION = 5.0;
				TARGETED_DEVICE_FAMILY = "1,2";
			};
			name = Debug;
		};
		I1000004 /* Release */ = {
			isa = XCBuildConfiguration;
			buildSettings = {
				ASSETCATALOG_COMPILER_APPICON_NAME = AppIcon;
				CODE_SIGN_STYLE = Automatic;
				CURRENT_PROJECT_VERSION = 1;
				DEVELOPMENT_TEAM = "";
				GENERATE_INFOPLIST_FILE = NO;
				INFOPLIST_FILE = NotiChat/Info.plist;
				IPHONEOS_DEPLOYMENT_TARGET = 16.0;
				LD_RUNPATH_SEARCH_PATHS = (
					"$(inherited)",
					"@executable_path/Frameworks",
				);
				MARKETING_VERSION = 1.0;
				PRODUCT_BUNDLE_IDENTIFIER = com.loker.notichat;
				PRODUCT_NAME = "$(TARGET_NAME)";
				SWIFT_EMIT_LOC_STRINGS = YES;
				SWIFT_VERSION = 5.0;
				TARGETED_DEVICE_FAMILY = "1,2";
			};
			name = Release;
		};
/* End XCBuildConfiguration section */

/* Begin XCConfigurationList section */
		G1000001 /* Build configuration list for PBXNativeTarget "NotiChat" */ = {
			isa = XCConfigurationList;
			buildConfigurations = (
				I1000003 /* Debug */,
				I1000004 /* Release */,
			);
			defaultConfigurationIsVisible = 0;
			defaultConfigurationName = Release;
		};
		G1000002 /* Build configuration list for PBXProject "NotiChat" */ = {
			isa = XCConfigurationList;
			buildConfigurations = (
				I1000001 /* Debug */,
				I1000002 /* Release */,
			);
			defaultConfigurationIsVisible = 0;
			defaultConfigurationName = Release;
		};
/* End XCConfigurationList section */
	};
	rootObject = 01000001 /* Project object */;
}
